// !$*UTF8*$!
{
	archiveVersion = 1;
	classes = {
	};
	objectVersion = 46;
	objects = {

/* Begin PBXBuildFile section */
		8C7B86911A071EAA002B0F78 /* main.m in Sources */ = {isa = PBXBuildFile; fileRef = 8C7B86901A071EAA002B0F78 /* main.m */; };
		8C7B86941A071EAA002B0F78 /* AppDelegate.m in Sources */ = {isa = PBXBuildFile; fileRef = 8C7B86931A071EAA002B0F78 /* AppDelegate.m */; };
		8C7B86971A071EAA002B0F78 /* ViewController.m in Sources */ = {isa = PBXBuildFile; fileRef = 8C7B86961A071EAA002B0F78 /* ViewController.m */; };
		8C7B869A1A071EAA002B0F78 /* Main.storyboard in Resources */ = {isa = PBXBuildFile; fileRef = 8C7B86981A071EAA002B0F78 /* Main.storyboard */; };
		8C7B869C1A071EAA002B0F78 /* Images.xcassets in Resources */ = {isa = PBXBuildFile; fileRef = 8C7B869B1A071EAA002B0F78 /* Images.xcassets */; };
		8C7B869F1A071EAA002B0F78 /* LaunchScreen.xib in Resources */ = {isa = PBXBuildFile; fileRef = 8C7B869D1A071EAA002B0F78 /* LaunchScreen.xib */; };
		8C7B86AB1A071EAA002B0F78 /* KVOPracticeTests.m in Sources */ = {isa = PBXBuildFile; fileRef = 8C7B86AA1A071EAA002B0F78 /* KVOPracticeTests.m */; };
/* End PBXBuildFile section */

/* Begin PBXContainerItemProxy section */
		8C7B86A51A071EAA002B0F78 /* PBXContainerItemProxy */ = {
			isa = PBXContainerItemProxy;
			containerPortal = 8C7B86831A071EAA002B0F78 /* Project object */;
			proxyType = 1;
			remoteGlobalIDString = 8C7B868A1A071EAA002B0F78;
			remoteInfo = KVOPractice;
		};
/* End PBXContainerItemProxy section */

/* Begin PBXFileReference section */
		8C7B868B1A071EAA002B0F78 /* KVOPractice.app */ = {isa = PBXFileReference; explicitFileType = wrapper.application; includeInIndex = 0; path = KVOPractice.app; sourceTree = BUILT_PRODUCTS_DIR; };
		8C7B868F1A071EAA002B0F78 /* Info.plist */ = {isa = PBXFileReference; lastKnownFileType = text.plist.xml; path = Info.plist; sourceTree = "<group>"; };
		8C7B86901A071EAA002B0F78 /* main.m */ = {isa = PBXFileReference; lastKnownFileType = sourcecode.c.objc; path = main.m; sourceTree = "<group>"; };
		8C7B86921A071EAA002B0F78 /* AppDelegate.h */ = {isa = PBXFileReference; lastKnownFileType = sourcecode.c.h; path = AppDelegate.h; sourceTree = "<group>"; };
		8C7B86931A071EAA002B0F78 /* AppDelegate.m */ = {isa = PBXFileReference; lastKnownFileType = sourcecode.c.objc; path = AppDelegate.m; sourceTree = "<group>"; };
		8C7B86951A071EAA002B0F78 /* ViewController.h */ = {isa = PBXFileReference; lastKnownFileType = sourcecode.c.h; path = ViewController.h; sourceTree = "<group>"; };
		8C7B86961A071EAA002B0F78 /* ViewController.m */ = {isa = PBXFileReference; lastKnownFileType = sourcecode.c.objc; path = ViewController.m; sourceTree = "<group>"; };
		8C7B86991A071EAA002B0F78 /* Base */ = {isa = PBXFileReference; lastKnownFileType = file.storyboard; name = Base; path = Base.lproj/Main.storyboard; sourceTree = "<group>"; };
		8C7B869B1A071EAA002B0F78 /* Images.xcassets */ = {isa = PBXFileReference; lastKnownFileType = folder.assetcatalog; path = Images.xcassets; sourceTree = "<group>"; };
		8C7B869E1A071EAA002B0F78 /* Base */ = {isa = PBXFileReference; lastKnownFileType = file.xib; name = Base; path = Base.lproj/LaunchScreen.xib; sourceTree = "<group>"; };
		8C7B86A41A071EAA002B0F78 /* KVOPracticeTests.xctest */ = {isa = PBXFileReference; explicitFileType = wrapper.cfbundle; includeInIndex = 0; path = KVOPracticeTests.xctest; sourceTree = BUILT_PRODUCTS_DIR; };
		8C7B86A91A071EAA002B0F78 /* Info.plist */ = {isa = PBXFileReference; lastKnownFileType = text.plist.xml; path = Info.plist; sourceTree = "<group>"; };
		8C7B86AA1A071EAA002B0F78 /* KVOPracticeTests.m */ = {isa = PBXFileReference; lastKnownFileType = sourcecode.c.objc; path = KVOPracticeTests.m; sourceTree = "<group>"; };
/* End PBXFileReference section */

/* Begin PBXFrameworksBuildPhase section */
		8C7B86881A071EAA002B0F78 /* Frameworks */ = {
			isa = PBXFrameworksBuildPhase;
			buildActionMask = 2147483647;
			files = (
			);
			runOnlyForDeploymentPostprocessing = 0;
		};
		8C7B86A11A071EAA002B0F78 /* Frameworks */ = {
			isa = PBXFrameworksBuildPhase;
			buildActionMask = 2147483647;
			files = (
			);
			runOnlyForDeploymentPostprocessing = 0;
		};
/* End PBXFrameworksBuildPhase section */

/* Begin PBXGroup section */
		8C7B86821A071EAA002B0F78 = {
			isa = PBXGroup;
			children = (
				8C7B868D1A071EAA002B0F78 /* KVOPractice */,
				8C7B86A71A071EAA002B0F78 /* KVOPracticeTests */,
				8C7B868C1A071EAA002B0F78 /* Products */,
			);
			sourceTree = "<group>";
		};
		8C7B868C1A071EAA002B0F78 /* Products */ = {
			isa = PBXGroup;
			children = (
				8C7B868B1A071EAA002B0F78 /* KVOPractice.app */,
				8C7B86A41A071EAA002B0F78 /* KVOPracticeTests.xctest */,
			);
			name = Products;
			sourceTree = "<group>";
		};
		8C7B868D1A071EAA002B0F78 /* KVOPractice */ = {
			isa = PBXGroup;
			children = (
				8C7B86921A071EAA002B0F78 /* AppDelegate.h */,
				8C7B86931A071EAA002B0F78 /* AppDelegate.m */,
				8C7B86951A071EAA002B0F78 /* ViewController.h */,
				8C7B86961A071EAA002B0F78 /* ViewController.m */,
				8C7B86981A071EAA002B0F78 /* Main.storyboard */,
				8C7B869B1A071EAA002B0F78 /* Images.xcassets */,
				8C7B869D1A071EAA002B0F78 /* LaunchScreen.xib */,
				8C7B868E1A071EAA002B0F78 /* Supporting Files */,
			);
			path = KVOPractice;
			sourceTree = "<group>";
		};
		8C7B868E1A071EAA002B0F78 /* Supporting Files */ = {
			isa = PBXGroup;
			children = (
				8C7B868F1A071EAA002B0F78 /* Info.plist */,
				8C7B86901A071EAA002B0F78 /* main.m */,
			);
			name = "Supporting Files";
			sourceTree = "<group>";
		};
		8C7B86A71A071EAA002B0F78 /* KVOPracticeTests */ = {
			isa = PBXGroup;
			children = (
				8C7B86AA1A071EAA002B0F78 /* KVOPracticeTests.m */,
				8C7B86A81A071EAA002B0F78 /* Supporting Files */,
			);
			path = KVOPracticeTests;
			sourceTree = "<group>";
		};
		8C7B86A81A071EAA002B0F78 /* Supporting Files */ = {
			isa = PBXGroup;
			children = (
				8C7B86A91A071EAA002B0F78 /* Info.plist */,
			);
			name = "Supporting Files";
			sourceTree = "<group>";
		};
/* End PBXGroup section */

/* Begin PBXNativeTarget section */
		8C7B868A1A071EAA002B0F78 /* KVOPractice */ = {
			isa = PBXNativeTarget;
			buildConfigurationList = 8C7B86AE1A071EAA002B0F78 /* Build configuration list for PBXNativeTarget "KVOPractice" */;
			buildPhases = (
				8C7B86871A071EAA002B0F78 /* Sources */,
				8C7B86881A071EAA002B0F78 /* Frameworks */,
				8C7B86891A071EAA002B0F78 /* Resources */,
			);
			buildRules = (
			);
			dependencies = (
			);
			name = KVOPractice;
			productName = KVOPractice;
			productReference = 8C7B868B1A071EAA002B0F78 /* KVOPractice.app */;
			productType = "com.apple.product-type.application";
		};
		8C7B86A31A071EAA002B0F78 /* KVOPracticeTests */ = {
			isa = PBXNativeTarget;
			buildConfigurationList = 8C7B86B11A071EAA002B0F78 /* Build configuration list for PBXNativeTarget "KVOPracticeTests" */;
			buildPhases = (
				8C7B86A01A071EAA002B0F78 /* Sources */,
				8C7B86A11A071EAA002B0F78 /* Frameworks */,
				8C7B86A21A071EAA002B0F78 /* Resources */,
			);
			buildRules = (
			);
			dependencies = (
				8C7B86A61A071EAA002B0F78 /* PBXTargetDependency */,
			);
			name = KVOPracticeTests;
			productName = KVOPracticeTests;
			productReference = 8C7B86A41A071EAA002B0F78 /* KVOPracticeTests.xctest */;
			productType = "com.apple.product-type.bundle.unit-test";
		};
/* End PBXNativeTarget section */

/* Begin PBXProject section */
		8C7B86831A071EAA002B0F78 /* Project object */ = {
			isa = PBXProject;
			attributes = {
				LastUpgradeCheck = 0610;
				ORGANIZATIONNAME = rayc5;
				TargetAttributes = {
					8C7B868A1A071EAA002B0F78 = {
						CreatedOnToolsVersion = 6.1;
					};
					8C7B86A31A071EAA002B0F78 = {
						CreatedOnToolsVersion = 6.1;
						TestTargetID = 8C7B868A1A071EAA002B0F78;
					};
				};
			};
			buildConfigurationList = 8C7B86861A071EAA002B0F78 /* Build configuration list for PBXProject "KVOPractice" */;
			compatibilityVersion = "Xcode 3.2";
			developmentRegion = English;
			hasScannedForEncodings = 0;
			knownRegions = (
				en,
				Base,
			);
			mainGroup = 8C7B86821A071EAA002B0F78;
			productRefGroup = 8C7B868C1A071EAA002B0F78 /* Products */;
			projectDirPath = "";
			projectRoot = "";
			targets = (
				8C7B868A1A071EAA002B0F78 /* KVOPractice */,
				8C7B86A31A071EAA002B0F78 /* KVOPracticeTests */,
			);
		};
/* End PBXProject section */

/* Begin PBXResourcesBuildPhase section */
		8C7B86891A071EAA002B0F78 /* Resources */ = {
			isa = PBXResourcesBuildPhase;
			buildActionMask = 2147483647;
			files = (
				8C7B869A1A071EAA002B0F78 /* Main.storyboard in Resources */,
				8C7B869F1A071EAA002B0F78 /* LaunchScreen.xib in Resources */,
				8C7B869C1A071EAA002B0F78 /* Images.xcassets in Resources */,
			);
			runOnlyForDeploymentPostprocessing = 0;
		};
		8C7B86A21A071EAA002B0F78 /* Resources */ = {
			isa = PBXResourcesBuildPhase;
			buildActionMask = 2147483647;
			files = (
			);
			runOnlyForDeploymentPostprocessing = 0;
		};
/* End PBXResourcesBuildPhase section */

/* Begin PBXSourcesBuildPhase section */
		8C7B86871A071EAA002B0F78 /* Sources */ = {
			isa = PBXSourcesBuildPhase;
			buildActionMask = 2147483647;
			files = (
				8C7B86971A071EAA002B0F78 /* ViewController.m in Sources */,
				8C7B86941A071EAA002B0F78 /* AppDelegate.m in Sources */,
				8C7B86911A071EAA002B0F78 /* main.m in Sources */,
			);
			runOnlyForDeploymentPostprocessing = 0;
		};
		8C7B86A01A071EAA002B0F78 /* Sources */ = {
			isa = PBXSourcesBuildPhase;
			buildActionMask = 2147483647;
			files = (
				8C7B86AB1A071EAA002B0F78 /* KVOPracticeTests.m in Sources */,
			);
			runOnlyForDeploymentPostprocessing = 0;
		};
/* End PBXSourcesBuildPhase section */

/* Begin PBXTargetDependency section */
		8C7B86A61A071EAA002B0F78 /* PBXTargetDependency */ = {
			isa = PBXTargetDependency;
			target = 8C7B868A1A071EAA002B0F78 /* KVOPractice */;
			targetProxy = 8C7B86A51A071EAA002B0F78 /* PBXContainerItemProxy */;
		};
/* End PBXTargetDependency section */

/* Begin PBXVariantGroup section */
		8C7B86981A071EAA002B0F78 /* Main.storyboard */ = {
			isa = PBXVariantGroup;
			children = (
				8C7B86991A071EAA002B0F78 /* Base */,
			);
			name = Main.storyboard;
			sourceTree = "<group>";
		};
		8C7B869D1A071EAA002B0F78 /* LaunchScreen.xib */ = {
			isa = PBXVariantGroup;
			children = (
				8C7B869E1A071EAA002B0F78 /* Base */,
			);
			name = LaunchScreen.xib;
			sourceTree = "<group>";
		};
/* End PBXVariantGroup section */

/* Begin XCBuildConfiguration section */
		8C7B86AC1A071EAA002B0F78 /* Debug */ = {
			isa = XCBuildConfiguration;
			buildSettings = {
				ALWAYS_SEARCH_USER_PATHS = NO;
				CLANG_CXX_LANGUAGE_STANDARD = "gnu++0x";
				CLANG_CXX_LIBRARY = "libc++";
				CLANG_ENABLE_MODULES = YES;
				CLANG_ENABLE_OBJC_ARC = YES;
				CLANG_WARN_BOOL_CONVERSION = YES;
				CLANG_WARN_CONSTANT_CONVERSION = YES;
				CLANG_WARN_DIRECT_OBJC_ISA_USAGE = YES_ERROR;
				CLANG_WARN_EMPTY_BODY = YES;
				CLANG_WARN_ENUM_CONVERSION = YES;
				CLANG_WARN_INT_CONVERSION = YES;
				CLANG_WARN_OBJC_ROOT_CLASS = YES_ERROR;
				CLANG_WARN_UNREACHABLE_CODE = YES;
				CLANG_WARN__DUPLICATE_METHOD_MATCH = YES;
				"CODE_SIGN_IDENTITY[sdk=iphoneos*]" = "iPhone Developer";
				COPY_PHASE_STRIP = NO;
				ENABLE_STRICT_OBJC_MSGSEND = YES;
				GCC_C_LANGUAGE_STANDARD = gnu99;
				GCC_DYNAMIC_NO_PIC = NO;
				GCC_OPTIMIZATION_LEVEL = 0;
				GCC_PREPROCESSOR_DEFINITIONS = (
					"DEBUG=1",
					"$(inherited)",
				);
				GCC_SYMBOLS_PRIVATE_EXTERN = NO;
				GCC_WARN_64_TO_32_BIT_CONVERSION = YES;
				GCC_WARN_ABOUT_RETURN_TYPE = YES_ERROR;
				GCC_WARN_UNDECLARED_SELECTOR = YES;
				GCC_WARN_UNINITIALIZED_AUTOS = YES_AGGRESSIVE;
				GCC_WARN_UNUSED_FUNCTION = YES;
				GCC_WARN_UNUSED_VARIABLE = YES;
				IPHONEOS_DEPLOYMENT_TARGET = 8.1;
				MTL_ENABLE_DEBUG_INFO = YES;
				ONLY_ACTIVE_ARCH = YES;
				SDKROOT = iphoneos;
			};
			name = Debug;
		};
		8C7B86AD1A071EAA002B0F78 /* Release */ = {
			isa = XCBuildConfiguration;
			buildSettings = {
				ALWAYS_SEARCH_USER_PATHS = NO;
				CLANG_CXX_LANGUAGE_STANDARD = "gnu++0x";
				CLANG_CXX_LIBRARY = "libc++";
				CLANG_ENABLE_MODULES = YES;
				CLANG_ENABLE_OBJC_ARC = YES;
				CLANG_WARN_BOOL_CONVERSION = YES;
				CLANG_WARN_CONSTANT_CONVERSION = YES;
				CLANG_WARN_DIRECT_OBJC_ISA_USAGE = YES_ERROR;
				CLANG_WARN_EMPTY_BODY = YES;
				CLANG_WARN_ENUM_CONVERSION = YES;
				CLANG_WARN_INT_CONVERSION = YES;
				CLANG_WARN_OBJC_ROOT_CLASS = YES_ERROR;
				CLANG_WARN_UNREACHABLE_CODE = YES;
				CLANG_WARN__DUPLICATE_METHOD_MATCH = YES;
				"CODE_SIGN_IDENTITY[sdk=iphoneos*]" = "iPhone Developer";
				COPY_PHASE_STRIP = YES;
				ENABLE_NS_ASSERTIONS = NO;
				ENABLE_STRICT_OBJC_MSGSEND = YES;
				GCC_C_LANGUAGE_STANDARD = gnu99;
				GCC_WARN_64_TO_32_BIT_CONVERSION = YES;
				GCC_WARN_ABOUT_RETURN_TYPE = YES_ERROR;
				GCC_WARN_UNDECLARED_SELECTOR = YES;
				GCC_WARN_UNINITIALIZED_AUTOS = YES_AGGRESSIVE;
				GCC_WARN_UNUSED_FUNCTION = YES;
				GCC_WARN_UNUSED_VARIABLE = YES;
				IPHONEOS_DEPLOYMENT_TARGET = 8.1;
				MTL_ENABLE_DEBUG_INFO = NO;
				SDKROOT = iphoneos;
				VALIDATE_PRODUCT = YES;
			};
			name = Release;
		};
		8C7B86AF1A071EAA002B0F78 /* Debug */ = {
			isa = XCBuildConfiguration;
			buildSettings = {
				ASSETCATALOG_COMPILER_APPICON_NAME = AppIcon;
				INFOPLIST_FILE = KVOPractice/Info.plist;
				LD_RUNPATH_SEARCH_PATHS = "$(inherited) @executable_path/Frameworks";
				PRODUCT_NAME = "$(TARGET_NAME)";
			};
			name = Debug;
		};
		8C7B86B01A071EAA002B0F78 /* Release */ = {
			isa = XCBuildConfiguration;
			buildSettings = {
				ASSETCATALOG_COMPILER_APPICON_NAME = AppIcon;
				INFOPLIST_FILE = KVOPractice/Info.plist;
				LD_RUNPATH_SEARCH_PATHS = "$(inherited) @executable_path/Frameworks";
				PRODUCT_NAME = "$(TARGET_NAME)";
			};
			name = Release;
		};
		8C7B86B21A071EAA002B0F78 /* Debug */ = {
			isa = XCBuildConfiguration;
			buildSettings = {
				BUNDLE_LOADER = "$(TEST_HOST)";
				FRAMEWORK_SEARCH_PATHS = (
					"$(SDKROOT)/Developer/Library/Frameworks",
					"$(inherited)",
				);
				GCC_PREPROCESSOR_DEFINITIONS = (
					"DEBUG=1",
					"$(inherited)",
				);
				INFOPLIST_FILE = KVOPracticeTests/Info.plist;
				LD_RUNPATH_SEARCH_PATHS = "$(inherited) @executable_path/Frameworks @loader_path/Frameworks";
				PRODUCT_NAME = "$(TARGET_NAME)";
				TEST_HOST = "$(BUILT_PRODUCTS_DIR)/KVOPractice.app/KVOPractice";
			};
			name = Debug;
		};
		8C7B86B31A071EAA002B0F78 /* Release */ = {
			isa = XCBuildConfiguration;
			buildSettings = {
				BUNDLE_LOADER = "$(TEST_HOST)";
				FRAMEWORK_SEARCH_PATHS = (
					"$(SDKROOT)/Developer/Library/Frameworks",
					"$(inherited)",
				);
				INFOPLIST_FILE = KVOPracticeTests/Info.plist;
				LD_RUNPATH_SEARCH_PATHS = "$(inherited) @executable_path/Frameworks @loader_path/Frameworks";
				PRODUCT_NAME = "$(TARGET_NAME)";
				TEST_HOST = "$(BUILT_PRODUCTS_DIR)/KVOPractice.app/KVOPractice";
			};
			name = Release;
		};
/* End XCBuildConfiguration section */

/* Begin XCConfigurationList section */
		8C7B86861A071EAA002B0F78 /* Build configuration list for PBXProject "KVOPractice" */ = {
			isa = XCConfigurationList;
			buildConfigurations = (
				8C7B86AC1A071EAA002B0F78 /* Debug */,
				8C7B86AD1A071EAA002B0F78 /* Release */,
			);
			defaultConfigurationIsVisible = 0;
			defaultConfigurationName = Release;
		};
		8C7B86AE1A071EAA002B0F78 /* Build configuration list for PBXNativeTarget "KVOPractice" */ = {
			isa = XCConfigurationList;
			buildConfigurations = (
				8C7B86AF1A071EAA002B0F78 /* Debug */,
				8C7B86B01A071EAA002B0F78 /* Release */,
			);
			defaultConfigurationIsVisible = 0;
		};
		8C7B86B11A071EAA002B0F78 /* Build configuration list for PBXNativeTarget "KVOPracticeTests" */ = {
			isa = XCConfigurationList;
			buildConfigurations = (
				8C7B86B21A071EAA002B0F78 /* Debug */,
				8C7B86B31A071EAA002B0F78 /* Release */,
			);
			defaultConfigurationIsVisible = 0;
		};
/* End XCConfigurationList section */
	};
	rootObject = 8C7B86831A071EAA002B0F78 /* Project object */;
}
